
Microsoft Visual Studio Solution File, Format Version 12.00
# Visual Studio 2012
Project("{FAE04EC0-301F-11D3-BF4B-00C04F79EFBC}") = "test", "test.csproj", "{D0B674B6-61E7-4A65-86E8-C67B8469CEFA}"
EndProject
Project("{FAE04EC0-301F-11D3-BF4B-00C04F79EFBC}") = "UnitTest", "..\UnitTest\UnitTest.csproj", "{7CDB7848-7007-4D24-BE8F-CB1A2BC07701}"
EndProject
Global
	GlobalSection(SolutionConfigurationPlatforms) = preSolution
		Debug|Any CPU = Debug|Any CPU
		Release|Any CPU = Release|Any CPU
	EndGlobalSection
	GlobalSection(ProjectConfigurationPlatforms) = postSolution
		{D0B674B6-61E7-4A65-86E8-C67B8469CEFA}.Debug|Any CPU.ActiveCfg = Debug|Any CPU
		{D0B674B6-61E7-4A65-86E8-C67B8469CEFA}.Debug|Any CPU.Build.0 = Debug|Any CPU
		{D0B674B6-61E7-4A65-86E8-C67B8469CEFA}.Release|Any CPU.ActiveCfg = Release|Any CPU
		{D0B674B6-61E7-4A65-86E8-C67B8469CEFA}.Release|Any CPU.Build.0 = Release|Any CPU
		{7CDB7848-7007-4D24-BE8F-CB1A2BC07701}.Debug|Any CPU.ActiveCfg = Debug|Any CPU
		{7CDB7848-7007-4D24-BE8F-CB1A2BC07701}.Debug|Any CPU.Build.0 = Debug|Any CPU
		{7CDB7848-7007-4D24-BE8F-CB1A2BC07701}.Release|Any CPU.ActiveCfg = Release|Any CPU
		{7CDB7848-7007-4D24-BE8F-CB1A2BC07701}.Release|Any CPU.Build.0 = Release|Any CPU
	EndGlobalSection
	GlobalSection(SolutionProperties) = preSolution
		HideSolutionNode = FALSE
	EndGlobalSection
EndGlobal
